
Microsoft Visual Studio Solution File, Format Version 12.00
# Visual Studio Version 16
VisualStudioVersion = 16.0.29102.190
MinimumVisualStudioVersion = 10.0.40219.1
Project("{FAE04EC0-301F-11D3-BF4B-00C04F79EFBC}") = "College", "College\College.csproj", "{5A69A6A0-325A-48F2-BEE9-3A187425572B}"
EndProject
Project("{FAE04EC0-301F-11D3-BF4B-00C04F79EFBC}") = "College.Entities", "College.Entities\College.Entities.csproj", "{ECB5549E-9083-4393-8E64-01A31CCC89FD}"
EndProject
Global
	GlobalSection(SolutionConfigurationPlatforms) = preSolution
		Debug|Any CPU = Debug|Any CPU
		Release|Any CPU = Release|Any CPU
	EndGlobalSection
	GlobalSection(ProjectConfigurationPlatforms) = postSolution
		{5A69A6A0-325A-48F2-BEE9-3A187425572B}.Debug|Any CPU.ActiveCfg = Debug|Any CPU
		{5A69A6A0-325A-48F2-BEE9-3A187425572B}.Debug|Any CPU.Build.0 = Debug|Any CPU
		{5A69A6A0-325A-48F2-BEE9-3A187425572B}.Release|Any CPU.ActiveCfg = Release|Any CPU
		{5A69A6A0-325A-48F2-BEE9-3A187425572B}.Release|Any CPU.Build.0 = Release|Any CPU
		{ECB5549E-9083-4393-8E64-01A31CCC89FD}.Debug|Any CPU.ActiveCfg = Debug|Any CPU
		{ECB5549E-9083-4393-8E64-01A31CCC89FD}.Debug|Any CPU.Build.0 = Debug|Any CPU
		{ECB5549E-9083-4393-8E64-01A31CCC89FD}.Release|Any CPU.ActiveCfg = Release|Any CPU
		{ECB5549E-9083-4393-8E64-01A31CCC89FD}.Release|Any CPU.Build.0 = Release|Any CPU
	EndGlobalSection
	GlobalSection(SolutionProperties) = preSolution
		HideSolutionNode = FALSE
	EndGlobalSection
	GlobalSection(ExtensibilityGlobals) = postSolution
		SolutionGuid = {1F7FB1C3-1E06-4343-834D-F37713DE0E4B}
	EndGlobalSection
EndGlobal
