
Microsoft Visual Studio Solution File, Format Version 12.00
# Visual Studio Version 16
VisualStudioVersion = 16.0.29102.190
MinimumVisualStudioVersion = 10.0.40219.1
Project("{FAE04EC0-301F-11D3-BF4B-00C04F79EFBC}") = "College", "College\College.csproj", "{5A69A6A0-325A-48F2-BEE9-3A187425572B}"
EndProject
Project("{9A19103F-16F7-4668-BE54-9A1E7A4F7556}") = "College.Entities", "College.Entities\College.Entities.csproj", "{BC617097-03FF-45C8-944C-3D41027F8F72}"
EndProject
Project("{9A19103F-16F7-4668-BE54-9A1E7A4F7556}") = "College.UseCases", "College.UseCases\College.UseCases.csproj", "{803A2266-4C3D-4977-A1FE-2137687C9C17}"
EndProject
Project("{9A19103F-16F7-4668-BE54-9A1E7A4F7556}") = "College.Infra", "College.Infra\College.Infra.csproj", "{51FCD018-DA02-4045-8A4A-7763C3705E1E}"
EndProject
Project("{9A19103F-16F7-4668-BE54-9A1E7A4F7556}") = "Cryptography", "Cryptography\Cryptography.csproj", "{0717B9A8-0263-493D-B0C6-D4EEA9DA77C1}"
EndProject
Project("{FAE04EC0-301F-11D3-BF4B-00C04F79EFBC}") = "College.Presenters", "College.Presenters\College.Presenters.csproj", "{F8D0FDAE-6F83-4003-A7BD-18979591C7F9}"
EndProject
Project("{FAE04EC0-301F-11D3-BF4B-00C04F79EFBC}") = "College.Infra.Tests", "College.Infra.Tests\College.Infra.Tests.csproj", "{62A493A0-768B-490A-996C-0CC61AB5B5F5}"
EndProject
Global
	GlobalSection(SolutionConfigurationPlatforms) = preSolution
		Debug|Any CPU = Debug|Any CPU
		Release|Any CPU = Release|Any CPU
	EndGlobalSection
	GlobalSection(ProjectConfigurationPlatforms) = postSolution
		{5A69A6A0-325A-48F2-BEE9-3A187425572B}.Debug|Any CPU.ActiveCfg = Debug|Any CPU
		{5A69A6A0-325A-48F2-BEE9-3A187425572B}.Debug|Any CPU.Build.0 = Debug|Any CPU
		{5A69A6A0-325A-48F2-BEE9-3A187425572B}.Release|Any CPU.ActiveCfg = Release|Any CPU
		{5A69A6A0-325A-48F2-BEE9-3A187425572B}.Release|Any CPU.Build.0 = Release|Any CPU
		{BC617097-03FF-45C8-944C-3D41027F8F72}.Debug|Any CPU.ActiveCfg = Debug|Any CPU
		{BC617097-03FF-45C8-944C-3D41027F8F72}.Debug|Any CPU.Build.0 = Debug|Any CPU
		{BC617097-03FF-45C8-944C-3D41027F8F72}.Release|Any CPU.ActiveCfg = Release|Any CPU
		{BC617097-03FF-45C8-944C-3D41027F8F72}.Release|Any CPU.Build.0 = Release|Any CPU
		{803A2266-4C3D-4977-A1FE-2137687C9C17}.Debug|Any CPU.ActiveCfg = Debug|Any CPU
		{803A2266-4C3D-4977-A1FE-2137687C9C17}.Debug|Any CPU.Build.0 = Debug|Any CPU
		{803A2266-4C3D-4977-A1FE-2137687C9C17}.Release|Any CPU.ActiveCfg = Release|Any CPU
		{803A2266-4C3D-4977-A1FE-2137687C9C17}.Release|Any CPU.Build.0 = Release|Any CPU
		{51FCD018-DA02-4045-8A4A-7763C3705E1E}.Debug|Any CPU.ActiveCfg = Debug|Any CPU
		{51FCD018-DA02-4045-8A4A-7763C3705E1E}.Debug|Any CPU.Build.0 = Debug|Any CPU
		{51FCD018-DA02-4045-8A4A-7763C3705E1E}.Release|Any CPU.ActiveCfg = Release|Any CPU
		{51FCD018-DA02-4045-8A4A-7763C3705E1E}.Release|Any CPU.Build.0 = Release|Any CPU
		{0717B9A8-0263-493D-B0C6-D4EEA9DA77C1}.Debug|Any CPU.ActiveCfg = Debug|Any CPU
		{0717B9A8-0263-493D-B0C6-D4EEA9DA77C1}.Debug|Any CPU.Build.0 = Debug|Any CPU
		{0717B9A8-0263-493D-B0C6-D4EEA9DA77C1}.Release|Any CPU.ActiveCfg = Release|Any CPU
		{0717B9A8-0263-493D-B0C6-D4EEA9DA77C1}.Release|Any CPU.Build.0 = Release|Any CPU
		{62A493A0-768B-490A-996C-0CC61AB5B5F5}.Debug|Any CPU.ActiveCfg = Debug|Any CPU
		{62A493A0-768B-490A-996C-0CC61AB5B5F5}.Debug|Any CPU.Build.0 = Debug|Any CPU
		{62A493A0-768B-490A-996C-0CC61AB5B5F5}.Release|Any CPU.ActiveCfg = Release|Any CPU
		{62A493A0-768B-490A-996C-0CC61AB5B5F5}.Release|Any CPU.Build.0 = Release|Any CPU
		{F8D0FDAE-6F83-4003-A7BD-18979591C7F9}.Debug|Any CPU.ActiveCfg = Debug|Any CPU
		{F8D0FDAE-6F83-4003-A7BD-18979591C7F9}.Debug|Any CPU.Build.0 = Debug|Any CPU
		{F8D0FDAE-6F83-4003-A7BD-18979591C7F9}.Release|Any CPU.ActiveCfg = Release|Any CPU
		{F8D0FDAE-6F83-4003-A7BD-18979591C7F9}.Release|Any CPU.Build.0 = Release|Any CPU
	EndGlobalSection
	GlobalSection(SolutionProperties) = preSolution
		HideSolutionNode = FALSE
	EndGlobalSection
	GlobalSection(ExtensibilityGlobals) = postSolution
		SolutionGuid = {1F7FB1C3-1E06-4343-834D-F37713DE0E4B}
	EndGlobalSection
EndGlobal
